
Microsoft Visual Studio Solution File, Format Version 12.00
# Visual Studio Version 16
VisualStudioVersion = 16.0.31624.102
MinimumVisualStudioVersion = 10.0.40219.1
Project("{9A19103F-16F7-4668-BE54-9A1E7A4F7556}") = "Sl.Selenium.Base", "Sl.Selenium.Base\Sl.Selenium.Base.csproj", "{B73DCFA2-D5BD-4306-9D50-D99E2BCFAFBB}"
EndProject
Project("{9A19103F-16F7-4668-BE54-9A1E7A4F7556}") = "Sl.Selenium.Chrome", "Sl.Selenium.Chrome\Sl.Selenium.Chrome.csproj", "{158585F5-3988-42F6-87C0-FABFE1105012}"
EndProject
Project("{9A19103F-16F7-4668-BE54-9A1E7A4F7556}") = "Sl.Selenium.Firefox", "Sl.Selenium.Firefox\Sl.Selenium.Firefox.csproj", "{4AA2F660-6630-4DB5-816A-ED3562E6CD06}"
EndProject
Project("{9A19103F-16F7-4668-BE54-9A1E7A4F7556}") = "Sl.Selenium.IE", "Sl.Selenium.IE\Sl.Selenium.IE.csproj", "{984BF99E-AC44-4310-8CF4-D2D5C316D37A}"
EndProject
Project("{9A19103F-16F7-4668-BE54-9A1E7A4F7556}") = "Sl.Selenium.Test", "Sl.Selenium.Test\Sl.Selenium.Test.csproj", "{CF21A9D2-A1E6-4B50-B1A1-05CDC4554167}"
EndProject
Global
	GlobalSection(SolutionConfigurationPlatforms) = preSolution
		Debug|Any CPU = Debug|Any CPU
		Release|Any CPU = Release|Any CPU
	EndGlobalSection
	GlobalSection(ProjectConfigurationPlatforms) = postSolution
		{B73DCFA2-D5BD-4306-9D50-D99E2BCFAFBB}.Debug|Any CPU.ActiveCfg = Debug|Any CPU
		{B73DCFA2-D5BD-4306-9D50-D99E2BCFAFBB}.Debug|Any CPU.Build.0 = Debug|Any CPU
		{B73DCFA2-D5BD-4306-9D50-D99E2BCFAFBB}.Release|Any CPU.ActiveCfg = Release|Any CPU
		{B73DCFA2-D5BD-4306-9D50-D99E2BCFAFBB}.Release|Any CPU.Build.0 = Release|Any CPU
		{158585F5-3988-42F6-87C0-FABFE1105012}.Debug|Any CPU.ActiveCfg = Debug|Any CPU
		{158585F5-3988-42F6-87C0-FABFE1105012}.Debug|Any CPU.Build.0 = Debug|Any CPU
		{158585F5-3988-42F6-87C0-FABFE1105012}.Release|Any CPU.ActiveCfg = Release|Any CPU
		{158585F5-3988-42F6-87C0-FABFE1105012}.Release|Any CPU.Build.0 = Release|Any CPU
		{4AA2F660-6630-4DB5-816A-ED3562E6CD06}.Debug|Any CPU.ActiveCfg = Debug|Any CPU
		{4AA2F660-6630-4DB5-816A-ED3562E6CD06}.Debug|Any CPU.Build.0 = Debug|Any CPU
		{4AA2F660-6630-4DB5-816A-ED3562E6CD06}.Release|Any CPU.ActiveCfg = Release|Any CPU
		{4AA2F660-6630-4DB5-816A-ED3562E6CD06}.Release|Any CPU.Build.0 = Release|Any CPU
		{984BF99E-AC44-4310-8CF4-D2D5C316D37A}.Debug|Any CPU.ActiveCfg = Debug|Any CPU
		{984BF99E-AC44-4310-8CF4-D2D5C316D37A}.Debug|Any CPU.Build.0 = Debug|Any CPU
		{984BF99E-AC44-4310-8CF4-D2D5C316D37A}.Release|Any CPU.ActiveCfg = Release|Any CPU
		{984BF99E-AC44-4310-8CF4-D2D5C316D37A}.Release|Any CPU.Build.0 = Release|Any CPU
		{CF21A9D2-A1E6-4B50-B1A1-05CDC4554167}.Debug|Any CPU.ActiveCfg = Debug|Any CPU
		{CF21A9D2-A1E6-4B50-B1A1-05CDC4554167}.Debug|Any CPU.Build.0 = Debug|Any CPU
		{CF21A9D2-A1E6-4B50-B1A1-05CDC4554167}.Release|Any CPU.ActiveCfg = Release|Any CPU
		{CF21A9D2-A1E6-4B50-B1A1-05CDC4554167}.Release|Any CPU.Build.0 = Release|Any CPU
	EndGlobalSection
	GlobalSection(SolutionProperties) = preSolution
		HideSolutionNode = FALSE
	EndGlobalSection
	GlobalSection(ExtensibilityGlobals) = postSolution
		SolutionGuid = {BA48765C-6D9E-481C-AEE3-A7AE6674DEF0}
	EndGlobalSection
EndGlobal
